// !$*UTF8*$!
{
	archiveVersion = 1;
	classes = {
	};
	objectVersion = 46;
	objects = {

/* Begin PBXBuildFile section */
		48FE07771E1AE1FA00C0AAB8 /* AppDelegate.swift in Sources */ = {isa = PBXBuildFile; fileRef = 48FE07761E1AE1FA00C0AAB8 /* AppDelegate.swift */; };
		48FE07791E1AE1FA00C0AAB8 /* ViewController.swift in Sources */ = {isa = PBXBuildFile; fileRef = 48FE07781E1AE1FA00C0AAB8 /* ViewController.swift */; };
		48FE077C1E1AE1FA00C0AAB8 /* Main.storyboard in Resources */ = {isa = PBXBuildFile; fileRef = 48FE077A1E1AE1FA00C0AAB8 /* Main.storyboard */; };
		48FE077E1E1AE1FA00C0AAB8 /* Assets.xcassets in Resources */ = {isa = PBXBuildFile; fileRef = 48FE077D1E1AE1FA00C0AAB8 /* Assets.xcassets */; };
		48FE07811E1AE1FA00C0AAB8 /* LaunchScreen.storyboard in Resources */ = {isa = PBXBuildFile; fileRef = 48FE077F1E1AE1FA00C0AAB8 /* LaunchScreen.storyboard */; };
/* End PBXBuildFile section */

/* Begin PBXFileReference section */
		48FE07731E1AE1F900C0AAB8 /* SnapChatLikeCamera.app */ = {isa = PBXFileReference; explicitFileType = wrapper.application; includeInIndex = 0; path = SnapChatLikeCamera.app; sourceTree = BUILT_PRODUCTS_DIR; };
		48FE07761E1AE1FA00C0AAB8 /* AppDelegate.swift */ = {isa = PBXFileReference; lastKnownFileType = sourcecode.swift; path = AppDelegate.swift; sourceTree = "<group>"; };
		48FE07781E1AE1FA00C0AAB8 /* ViewController.swift */ = {isa = PBXFileReference; lastKnownFileType = sourcecode.swift; path = ViewController.swift; sourceTree = "<group>"; };
		48FE077B1E1AE1FA00C0AAB8 /* Base */ = {isa = PBXFileReference; lastKnownFileType = file.storyboard; name = Base; path = Base.lproj/Main.storyboard; sourceTree = "<group>"; };
		48FE077D1E1AE1FA00C0AAB8 /* Assets.xcassets */ = {isa = PBXFileReference; lastKnownFileType = folder.assetcatalog; path = Assets.xcassets; sourceTree = "<group>"; };
		48FE07801E1AE1FA00C0AAB8 /* Base */ = {isa = PBXFileReference; lastKnownFileType = file.storyboard; name = Base; path = Base.lproj/LaunchScreen.storyboard; sourceTree = "<group>"; };
		48FE07821E1AE1FA00C0AAB8 /* Info.plist */ = {isa = PBXFileReference; lastKnownFileType = text.plist.xml; path = Info.plist; sourceTree = "<group>"; };
/* End PBXFileReference section */

/* Begin PBXFrameworksBuildPhase section */
		48FE07701E1AE1F900C0AAB8 /* Frameworks */ = {
			isa = PBXFrameworksBuildPhase;
			buildActionMask = 2147483647;
			files = (
			);
			runOnlyForDeploymentPostprocessing = 0;
		};
/* End PBXFrameworksBuildPhase section */

/* Begin PBXGroup section */
		48FE076A1E1AE1F900C0AAB8 = {
			isa = PBXGroup;
			children = (
				48FE07751E1AE1F900C0AAB8 /* SnapChatLikeCamera */,
				48FE07741E1AE1F900C0AAB8 /* Products */,
			);
			sourceTree = "<group>";
		};
		48FE07741E1AE1F900C0AAB8 /* Products */ = {
			isa = PBXGroup;
			children = (
				48FE07731E1AE1F900C0AAB8 /* SnapChatLikeCamera.app */,
			);
			name = Products;
			sourceTree = "<group>";
		};
		48FE07751E1AE1F900C0AAB8 /* SnapChatLikeCamera */ = {
			isa = PBXGroup;
			children = (
				48FE07761E1AE1FA00C0AAB8 /* AppDelegate.swift */,
				48FE07781E1AE1FA00C0AAB8 /* ViewController.swift */,
				48FE077A1E1AE1FA00C0AAB8 /* Main.storyboard */,
				48FE077D1E1AE1FA00C0AAB8 /* Assets.xcassets */,
				48FE077F1E1AE1FA00C0AAB8 /* LaunchScreen.storyboard */,
				48FE07821E1AE1FA00C0AAB8 /* Info.plist */,
			);
			path = SnapChatLikeCamera;
			sourceTree = "<group>";
		};
/* End PBXGroup section */

/* Begin PBXNativeTarget section */
		48FE07721E1AE1F900C0AAB8 /* SnapChatLikeCamera */ = {
			isa = PBXNativeTarget;
			buildConfigurationList = 48FE07851E1AE1FA00C0AAB8 /* Build configuration list for PBXNativeTarget "SnapChatLikeCamera" */;
			buildPhases = (
				48FE076F1E1AE1F900C0AAB8 /* Sources */,
				48FE07701E1AE1F900C0AAB8 /* Frameworks */,
				48FE07711E1AE1F900C0AAB8 /* Resources */,
			);
			buildRules = (
			);
			dependencies = (
			);
			name = SnapChatLikeCamera;
			productName = SnapChatLikeCamera;
			productReference = 48FE07731E1AE1F900C0AAB8 /* SnapChatLikeCamera.app */;
			productType = "com.apple.product-type.application";
		};
/* End PBXNativeTarget section */

/* Begin PBXProject section */
		48FE076B1E1AE1F900C0AAB8 /* Project object */ = {
			isa = PBXProject;
			attributes = {
				LastSwiftUpdateCheck = 0820;
				LastUpgradeCheck = 0820;
				ORGANIZATIONNAME = "Stanley Luu";
				TargetAttributes = {
					48FE07721E1AE1F900C0AAB8 = {
						CreatedOnToolsVersion = 8.2.1;
						DevelopmentTeam = 3VQY3526VN;
						ProvisioningStyle = Automatic;
					};
				};
			};
			buildConfigurationList = 48FE076E1E1AE1F900C0AAB8 /* Build configuration list for PBXProject "SnapChatLikeCamera" */;
			compatibilityVersion = "Xcode 3.2";
			developmentRegion = English;
			hasScannedForEncodings = 0;
			knownRegions = (
				en,
				Base,
			);
			mainGroup = 48FE076A1E1AE1F900C0AAB8;
			productRefGroup = 48FE07741E1AE1F900C0AAB8 /* Products */;
			projectDirPath = "";
			projectRoot = "";
			targets = (
				48FE07721E1AE1F900C0AAB8 /* SnapChatLikeCamera */,
			);
		};
/* End PBXProject section */

/* Begin PBXResourcesBuildPhase section */
		48FE07711E1AE1F900C0AAB8 /* Resources */ = {
			isa = PBXResourcesBuildPhase;
			buildActionMask = 2147483647;
			files = (
				48FE07811E1AE1FA00C0AAB8 /* LaunchScreen.storyboard in Resources */,
				48FE077E1E1AE1FA00C0AAB8 /* Assets.xcassets in Resources */,
				48FE077C1E1AE1FA00C0AAB8 /* Main.storyboard in Resources */,
			);
			runOnlyForDeploymentPostprocessing = 0;
		};
/* End PBXResourcesBuildPhase section */

/* Begin PBXSourcesBuildPhase section */
		48FE076F1E1AE1F900C0AAB8 /* Sources */ = {
			isa = PBXSourcesBuildPhase;
			buildActionMask = 2147483647;
			files = (
				48FE07791E1AE1FA00C0AAB8 /* ViewController.swift in Sources */,
				48FE07771E1AE1FA00C0AAB8 /* AppDelegate.swift in Sources */,
			);
			runOnlyForDeploymentPostprocessing = 0;
		};
/* End PBXSourcesBuildPhase section */

/* Begin PBXVariantGroup section */
		48FE077A1E1AE1FA00C0AAB8 /* Main.storyboard */ = {
			isa = PBXVariantGroup;
			children = (
				48FE077B1E1AE1FA00C0AAB8 /* Base */,
			);
			name = Main.storyboard;
			sourceTree = "<group>";
		};
		48FE077F1E1AE1FA00C0AAB8 /* LaunchScreen.storyboard */ = {
			isa = PBXVariantGroup;
			children = (
				48FE07801E1AE1FA00C0AAB8 /* Base */,
			);
			name = LaunchScreen.storyboard;
			sourceTree = "<group>";
		};
/* End PBXVariantGroup section */

/* Begin XCBuildConfiguration section */
		48FE07831E1AE1FA00C0AAB8 /* Debug */ = {
			isa = XCBuildConfiguration;
			buildSettings = {
				ALWAYS_SEARCH_USER_PATHS = NO;
				CLANG_ANALYZER_NONNULL = YES;
				CLANG_CXX_LANGUAGE_STANDARD = "gnu++0x";
				CLANG_CXX_LIBRARY = "libc++";
				CLANG_ENABLE_MODULES = YES;
				CLANG_ENABLE_OBJC_ARC = YES;
				CLANG_WARN_BOOL_CONVERSION = YES;
				CLANG_WARN_CONSTANT_CONVERSION = YES;
				CLANG_WARN_DIRECT_OBJC_ISA_USAGE = YES_ERROR;
				CLANG_WARN_DOCUMENTATION_COMMENTS = YES;
				CLANG_WARN_EMPTY_BODY = YES;
				CLANG_WARN_ENUM_CONVERSION = YES;
				CLANG_WARN_INFINITE_RECURSION = YES;
				CLANG_WARN_INT_CONVERSION = YES;
				CLANG_WARN_OBJC_ROOT_CLASS = YES_ERROR;
				CLANG_WARN_SUSPICIOUS_MOVE = YES;
				CLANG_WARN_UNREACHABLE_CODE = YES;
				CLANG_WARN__DUPLICATE_METHOD_MATCH = YES;
				"CODE_SIGN_IDENTITY[sdk=iphoneos*]" = "iPhone Developer";
				COPY_PHASE_STRIP = NO;
				DEBUG_INFORMATION_FORMAT = dwarf;
				ENABLE_STRICT_OBJC_MSGSEND = YES;
				ENABLE_TESTABILITY = YES;
				GCC_C_LANGUAGE_STANDARD = gnu99;
				GCC_DYNAMIC_NO_PIC = NO;
				GCC_NO_COMMON_BLOCKS = YES;
				GCC_OPTIMIZATION_LEVEL = 0;
				GCC_PREPROCESSOR_DEFINITIONS = (
					"DEBUG=1",
					"$(inherited)",
				);
				GCC_WARN_64_TO_32_BIT_CONVERSION = YES;
				GCC_WARN_ABOUT_RETURN_TYPE = YES_ERROR;
				GCC_WARN_UNDECLARED_SELECTOR = YES;
				GCC_WARN_UNINITIALIZED_AUTOS = YES_AGGRESSIVE;
				GCC_WARN_UNUSED_FUNCTION = YES;
				GCC_WARN_UNUSED_VARIABLE = YES;
				"INFOPLIST_FILE[sdk=*]" = "";
				IPHONEOS_DEPLOYMENT_TARGET = 10.2;
				MTL_ENABLE_DEBUG_INFO = YES;
				ONLY_ACTIVE_ARCH = YES;
				SDKROOT = iphoneos;
				SWIFT_ACTIVE_COMPILATION_CONDITIONS = DEBUG;
				SWIFT_OPTIMIZATION_LEVEL = "-Onone";
			};
			name = Debug;
		};
		48FE07841E1AE1FA00C0AAB8 /* Release */ = {
			isa = XCBuildConfiguration;
			buildSettings = {
				ALWAYS_SEARCH_USER_PATHS = NO;
				CLANG_ANALYZER_NONNULL = YES;
				CLANG_CXX_LANGUAGE_STANDARD = "gnu++0x";
				CLANG_CXX_LIBRARY = "libc++";
				CLANG_ENABLE_MODULES = YES;
				CLANG_ENABLE_OBJC_ARC = YES;
				CLANG_WARN_BOOL_CONVERSION = YES;
				CLANG_WARN_CONSTANT_CONVERSION = YES;
				CLANG_WARN_DIRECT_OBJC_ISA_USAGE = YES_ERROR;
				CLANG_WARN_DOCUMENTATION_COMMENTS = YES;
				CLANG_WARN_EMPTY_BODY = YES;
				CLANG_WARN_ENUM_CONVERSION = YES;
				CLANG_WARN_INFINITE_RECURSION = YES;
				CLANG_WARN_INT_CONVERSION = YES;
				CLANG_WARN_OBJC_ROOT_CLASS = YES_ERROR;
				CLANG_WARN_SUSPICIOUS_MOVE = YES;
				CLANG_WARN_UNREACHABLE_CODE = YES;
				CLANG_WARN__DUPLICATE_METHOD_MATCH = YES;
				"CODE_SIGN_IDENTITY[sdk=iphoneos*]" = "iPhone Developer";
				COPY_PHASE_STRIP = NO;
				DEBUG_INFORMATION_FORMAT = "dwarf-with-dsym";
				ENABLE_NS_ASSERTIONS = NO;
				ENABLE_STRICT_OBJC_MSGSEND = YES;
				GCC_C_LANGUAGE_STANDARD = gnu99;
				GCC_NO_COMMON_BLOCKS = YES;
				GCC_WARN_64_TO_32_BIT_CONVERSION = YES;
				GCC_WARN_ABOUT_RETURN_TYPE = YES_ERROR;
				GCC_WARN_UNDECLARED_SELECTOR = YES;
				GCC_WARN_UNINITIALIZED_AUTOS = YES_AGGRESSIVE;
				GCC_WARN_UNUSED_FUNCTION = YES;
				GCC_WARN_UNUSED_VARIABLE = YES;
				"INFOPLIST_FILE[sdk=*]" = "";
				IPHONEOS_DEPLOYMENT_TARGET = 10.2;
				MTL_ENABLE_DEBUG_INFO = NO;
				SDKROOT = iphoneos;
				SWIFT_OPTIMIZATION_LEVEL = "-Owholemodule";
				VALIDATE_PRODUCT = YES;
			};
			name = Release;
		};
		48FE07861E1AE1FA00C0AAB8 /* Debug */ = {
			isa = XCBuildConfiguration;
			buildSettings = {
				ASSETCATALOG_COMPILER_APPICON_NAME = AppIcon;
				DEVELOPMENT_TEAM = 3VQY3526VN;
				INFOPLIST_FILE = SnapChatLikeCamera/Info.plist;
				IPHONEOS_DEPLOYMENT_TARGET = 10.2;
				LD_RUNPATH_SEARCH_PATHS = "$(inherited) @executable_path/Frameworks";
				PRODUCT_BUNDLE_IDENTIFIER = com.plava.SnapChatLikeCamera;
				PRODUCT_NAME = "$(TARGET_NAME)";
				SWIFT_VERSION = 3.0;
			};
			name = Debug;
		};
		48FE07871E1AE1FA00C0AAB8 /* Release */ = {
			isa = XCBuildConfiguration;
			buildSettings = {
				ASSETCATALOG_COMPILER_APPICON_NAME = AppIcon;
				DEVELOPMENT_TEAM = 3VQY3526VN;
				INFOPLIST_FILE = SnapChatLikeCamera/Info.plist;
				IPHONEOS_DEPLOYMENT_TARGET = 10.2;
				LD_RUNPATH_SEARCH_PATHS = "$(inherited) @executable_path/Frameworks";
				PRODUCT_BUNDLE_IDENTIFIER = com.plava.SnapChatLikeCamera;
				PRODUCT_NAME = "$(TARGET_NAME)";
				SWIFT_VERSION = 3.0;
			};
			name = Release;
		};
/* End XCBuildConfiguration section */

/* Begin XCConfigurationList section */
		48FE076E1E1AE1F900C0AAB8 /* Build configuration list for PBXProject "SnapChatLikeCamera" */ = {
			isa = XCConfigurationList;
			buildConfigurations = (
				48FE07831E1AE1FA00C0AAB8 /* Debug */,
				48FE07841E1AE1FA00C0AAB8 /* Release */,
			);
			defaultConfigurationIsVisible = 0;
			defaultConfigurationName = Release;
		};
		48FE07851E1AE1FA00C0AAB8 /* Build configuration list for PBXNativeTarget "SnapChatLikeCamera" */ = {
			isa = XCConfigurationList;
			buildConfigurations = (
				48FE07861E1AE1FA00C0AAB8 /* Debug */,
				48FE07871E1AE1FA00C0AAB8 /* Release */,
			);
			defaultConfigurationIsVisible = 0;
			defaultConfigurationName = Release;
		};
/* End XCConfigurationList section */
	};
	rootObject = 48FE076B1E1AE1F900C0AAB8 /* Project object */;
}
